// !$*UTF8*$!
{
	archiveVersion = 1;
	classes = {
	};
	objectVersion = 50;
	objects = {

/* Begin PBXBuildFile section */
		849DC01E24B4A67E000CEF0D /* AppDelegate.swift in Sources */ = {isa = PBXBuildFile; fileRef = 849DC01D24B4A67E000CEF0D /* AppDelegate.swift */; };
		849DC02024B4A67E000CEF0D /* SceneDelegate.swift in Sources */ = {isa = PBXBuildFile; fileRef = 849DC01F24B4A67E000CEF0D /* SceneDelegate.swift */; };
		849DC02224B4A67E000CEF0D /* ViewController.swift in Sources */ = {isa = PBXBuildFile; fileRef = 849DC02124B4A67E000CEF0D /* ViewController.swift */; };
		849DC02524B4A67E000CEF0D /* Main.storyboard in Resources */ = {isa = PBXBuildFile; fileRef = 849DC02324B4A67E000CEF0D /* Main.storyboard */; };
		849DC02724B4A681000CEF0D /* Assets.xcassets in Resources */ = {isa = PBXBuildFile; fileRef = 849DC02624B4A681000CEF0D /* Assets.xcassets */; };
		849DC02A24B4A681000CEF0D /* LaunchScreen.storyboard in Resources */ = {isa = PBXBuildFile; fileRef = 849DC02824B4A681000CEF0D /* LaunchScreen.storyboard */; };
/* End PBXBuildFile section */

/* Begin PBXFileReference section */
		849DC01A24B4A67E000CEF0D /* HSEIntroduction.app */ = {isa = PBXFileReference; explicitFileType = wrapper.application; includeInIndex = 0; path = HSEIntroduction.app; sourceTree = BUILT_PRODUCTS_DIR; };
		849DC01D24B4A67E000CEF0D /* AppDelegate.swift */ = {isa = PBXFileReference; lastKnownFileType = sourcecode.swift; path = AppDelegate.swift; sourceTree = "<group>"; };
		849DC01F24B4A67E000CEF0D /* SceneDelegate.swift */ = {isa = PBXFileReference; lastKnownFileType = sourcecode.swift; path = SceneDelegate.swift; sourceTree = "<group>"; };
		849DC02124B4A67E000CEF0D /* ViewController.swift */ = {isa = PBXFileReference; lastKnownFileType = sourcecode.swift; path = ViewController.swift; sourceTree = "<group>"; };
		849DC02424B4A67E000CEF0D /* Base */ = {isa = PBXFileReference; lastKnownFileType = file.storyboard; name = Base; path = Base.lproj/Main.storyboard; sourceTree = "<group>"; };
		849DC02624B4A681000CEF0D /* Assets.xcassets */ = {isa = PBXFileReference; lastKnownFileType = folder.assetcatalog; path = Assets.xcassets; sourceTree = "<group>"; };
		849DC02924B4A681000CEF0D /* Base */ = {isa = PBXFileReference; lastKnownFileType = file.storyboard; name = Base; path = Base.lproj/LaunchScreen.storyboard; sourceTree = "<group>"; };
		849DC02B24B4A681000CEF0D /* Info.plist */ = {isa = PBXFileReference; lastKnownFileType = text.plist.xml; path = Info.plist; sourceTree = "<group>"; };
/* End PBXFileReference section */

/* Begin PBXFrameworksBuildPhase section */
		849DC01724B4A67E000CEF0D /* Frameworks */ = {
			isa = PBXFrameworksBuildPhase;
			buildActionMask = 2147483647;
			files = (
			);
			runOnlyForDeploymentPostprocessing = 0;
		};
/* End PBXFrameworksBuildPhase section */

/* Begin PBXGroup section */
		849DC01124B4A67E000CEF0D = {
			isa = PBXGroup;
			children = (
				849DC01C24B4A67E000CEF0D /* HSEIntroduction */,
				849DC01B24B4A67E000CEF0D /* Products */,
			);
			sourceTree = "<group>";
		};
		849DC01B24B4A67E000CEF0D /* Products */ = {
			isa = PBXGroup;
			children = (
				849DC01A24B4A67E000CEF0D /* HSEIntroduction.app */,
			);
			name = Products;
			sourceTree = "<group>";
		};
		849DC01C24B4A67E000CEF0D /* HSEIntroduction */ = {
			isa = PBXGroup;
			children = (
				849DC01D24B4A67E000CEF0D /* AppDelegate.swift */,
				849DC01F24B4A67E000CEF0D /* SceneDelegate.swift */,
				849DC02124B4A67E000CEF0D /* ViewController.swift */,
				849DC02324B4A67E000CEF0D /* Main.storyboard */,
				849DC02624B4A681000CEF0D /* Assets.xcassets */,
				849DC02824B4A681000CEF0D /* LaunchScreen.storyboard */,
				849DC02B24B4A681000CEF0D /* Info.plist */,
			);
			path = HSEIntroduction;
			sourceTree = "<group>";
		};
/* End PBXGroup section */

/* Begin PBXNativeTarget section */
		849DC01924B4A67E000CEF0D /* HSEIntroduction */ = {
			isa = PBXNativeTarget;
			buildConfigurationList = 849DC02E24B4A681000CEF0D /* Build configuration list for PBXNativeTarget "HSEIntroduction" */;
			buildPhases = (
				849DC01624B4A67E000CEF0D /* Sources */,
				849DC01724B4A67E000CEF0D /* Frameworks */,
				849DC01824B4A67E000CEF0D /* Resources */,
			);
			buildRules = (
			);
			dependencies = (
			);
			name = HSEIntroduction;
			productName = HSEIntroduction;
			productReference = 849DC01A24B4A67E000CEF0D /* HSEIntroduction.app */;
			productType = "com.apple.product-type.application";
		};
/* End PBXNativeTarget section */

/* Begin PBXProject section */
		849DC01224B4A67E000CEF0D /* Project object */ = {
			isa = PBXProject;
			attributes = {
				LastSwiftUpdateCheck = 1200;
				LastUpgradeCheck = 1200;
				TargetAttributes = {
					849DC01924B4A67E000CEF0D = {
						CreatedOnToolsVersion = 12.0;
					};
				};
			};
			buildConfigurationList = 849DC01524B4A67E000CEF0D /* Build configuration list for PBXProject "HSEIntroduction" */;
			compatibilityVersion = "Xcode 9.3";
			developmentRegion = en;
			hasScannedForEncodings = 0;
			knownRegions = (
				en,
				Base,
			);
			mainGroup = 849DC01124B4A67E000CEF0D;
			productRefGroup = 849DC01B24B4A67E000CEF0D /* Products */;
			projectDirPath = "";
			projectRoot = "";
			targets = (
				849DC01924B4A67E000CEF0D /* HSEIntroduction */,
			);
		};
/* End PBXProject section */

/* Begin PBXResourcesBuildPhase section */
		849DC01824B4A67E000CEF0D /* Resources */ = {
			isa = PBXResourcesBuildPhase;
			buildActionMask = 2147483647;
			files = (
				849DC02A24B4A681000CEF0D /* LaunchScreen.storyboard in Resources */,
				849DC02724B4A681000CEF0D /* Assets.xcassets in Resources */,
				849DC02524B4A67E000CEF0D /* Main.storyboard in Resources */,
			);
			runOnlyForDeploymentPostprocessing = 0;
		};
/* End PBXResourcesBuildPhase section */

/* Begin PBXSourcesBuildPhase section */
		849DC01624B4A67E000CEF0D /* Sources */ = {
			isa = PBXSourcesBuildPhase;
			buildActionMask = 2147483647;
			files = (
				849DC02224B4A67E000CEF0D /* ViewController.swift in Sources */,
				849DC01E24B4A67E000CEF0D /* AppDelegate.swift in Sources */,
				849DC02024B4A67E000CEF0D /* SceneDelegate.swift in Sources */,
			);
			runOnlyForDeploymentPostprocessing = 0;
		};
/* End PBXSourcesBuildPhase section */

/* Begin PBXVariantGroup section */
		849DC02324B4A67E000CEF0D /* Main.storyboard */ = {
			isa = PBXVariantGroup;
			children = (
				849DC02424B4A67E000CEF0D /* Base */,
			);
			name = Main.storyboard;
			sourceTree = "<group>";
		};
		849DC02824B4A681000CEF0D /* LaunchScreen.storyboard */ = {
			isa = PBXVariantGroup;
			children = (
				849DC02924B4A681000CEF0D /* Base */,
			);
			name = LaunchScreen.storyboard;
			sourceTree = "<group>";
		};
/* End PBXVariantGroup section */

/* Begin XCBuildConfiguration section */
		849DC02C24B4A681000CEF0D /* Debug */ = {
			isa = XCBuildConfiguration;
			buildSettings = {
				ALWAYS_SEARCH_USER_PATHS = NO;
				CLANG_ANALYZER_NONNULL = YES;
				CLANG_ANALYZER_NUMBER_OBJECT_CONVERSION = YES_AGGRESSIVE;
				CLANG_CXX_LANGUAGE_STANDARD = "gnu++14";
				CLANG_CXX_LIBRARY = "libc++";
				CLANG_ENABLE_MODULES = YES;
				CLANG_ENABLE_OBJC_ARC = YES;
				CLANG_ENABLE_OBJC_WEAK = YES;
				CLANG_WARN_BLOCK_CAPTURE_AUTORELEASING = YES;
				CLANG_WARN_BOOL_CONVERSION = YES;
				CLANG_WARN_COMMA = YES;
				CLANG_WARN_CONSTANT_CONVERSION = YES;
				CLANG_WARN_DEPRECATED_OBJC_IMPLEMENTATIONS = YES;
				CLANG_WARN_DIRECT_OBJC_ISA_USAGE = YES_ERROR;
				CLANG_WARN_DOCUMENTATION_COMMENTS = YES;
				CLANG_WARN_EMPTY_BODY = YES;
				CLANG_WARN_ENUM_CONVERSION = YES;
				CLANG_WARN_INFINITE_RECURSION = YES;
				CLANG_WARN_INT_CONVERSION = YES;
				CLANG_WARN_NON_LITERAL_NULL_CONVERSION = YES;
				CLANG_WARN_OBJC_IMPLICIT_RETAIN_SELF = YES;
				CLANG_WARN_OBJC_LITERAL_CONVERSION = YES;
				CLANG_WARN_OBJC_ROOT_CLASS = YES_ERROR;
				CLANG_WARN_QUOTED_INCLUDE_IN_FRAMEWORK_HEADER = YES;
				CLANG_WARN_RANGE_LOOP_ANALYSIS = YES;
				CLANG_WARN_STRICT_PROTOTYPES = YES;
				CLANG_WARN_SUSPICIOUS_MOVE = YES;
				CLANG_WARN_UNGUARDED_AVAILABILITY = YES_AGGRESSIVE;
				CLANG_WARN_UNREACHABLE_CODE = YES;
				CLANG_WARN__DUPLICATE_METHOD_MATCH = YES;
				COPY_PHASE_STRIP = NO;
				DEBUG_INFORMATION_FORMAT = dwarf;
				ENABLE_STRICT_OBJC_MSGSEND = YES;
				ENABLE_TESTABILITY = YES;
				GCC_C_LANGUAGE_STANDARD = gnu11;
				GCC_DYNAMIC_NO_PIC = NO;
				GCC_NO_COMMON_BLOCKS = YES;
				GCC_OPTIMIZATION_LEVEL = 0;
				GCC_PREPROCESSOR_DEFINITIONS = (
					"DEBUG=1",
					"$(inherited)",
				);
				GCC_WARN_64_TO_32_BIT_CONVERSION = YES;
				GCC_WARN_ABOUT_RETURN_TYPE = YES_ERROR;
				GCC_WARN_UNDECLARED_SELECTOR = YES;
				GCC_WARN_UNINITIALIZED_AUTOS = YES_AGGRESSIVE;
				GCC_WARN_UNUSED_FUNCTION = YES;
				GCC_WARN_UNUSED_VARIABLE = YES;
				IPHONEOS_DEPLOYMENT_TARGET = 14.0;
				MTL_ENABLE_DEBUG_INFO = INCLUDE_SOURCE;
				MTL_FAST_MATH = YES;
				ONLY_ACTIVE_ARCH = YES;
				SDKROOT = iphoneos;
				SWIFT_ACTIVE_COMPILATION_CONDITIONS = DEBUG;
				SWIFT_OPTIMIZATION_LEVEL = "-Onone";
			};
			name = Debug;
		};
		849DC02D24B4A681000CEF0D /* Release */ = {
			isa = XCBuildConfiguration;
			buildSettings = {
				ALWAYS_SEARCH_USER_PATHS = NO;
				CLANG_ANALYZER_NONNULL = YES;
				CLANG_ANALYZER_NUMBER_OBJECT_CONVERSION = YES_AGGRESSIVE;
				CLANG_CXX_LANGUAGE_STANDARD = "gnu++14";
				CLANG_CXX_LIBRARY = "libc++";
				CLANG_ENABLE_MODULES = YES;
				CLANG_ENABLE_OBJC_ARC = YES;
				CLANG_ENABLE_OBJC_WEAK = YES;
				CLANG_WARN_BLOCK_CAPTURE_AUTORELEASING = YES;
				CLANG_WARN_BOOL_CONVERSION = YES;
				CLANG_WARN_COMMA = YES;
				CLANG_WARN_CONSTANT_CONVERSION = YES;
				CLANG_WARN_DEPRECATED_OBJC_IMPLEMENTATIONS = YES;
				CLANG_WARN_DIRECT_OBJC_ISA_USAGE = YES_ERROR;
				CLANG_WARN_DOCUMENTATION_COMMENTS = YES;
				CLANG_WARN_EMPTY_BODY = YES;
				CLANG_WARN_ENUM_CONVERSION = YES;
				CLANG_WARN_INFINITE_RECURSION = YES;
				CLANG_WARN_INT_CONVERSION = YES;
				CLANG_WARN_NON_LITERAL_NULL_CONVERSION = YES;
				CLANG_WARN_OBJC_IMPLICIT_RETAIN_SELF = YES;
				CLANG_WARN_OBJC_LITERAL_CONVERSION = YES;
				CLANG_WARN_OBJC_ROOT_CLASS = YES_ERROR;
				CLANG_WARN_QUOTED_INCLUDE_IN_FRAMEWORK_HEADER = YES;
				CLANG_WARN_RANGE_LOOP_ANALYSIS = YES;
				CLANG_WARN_STRICT_PROTOTYPES = YES;
				CLANG_WARN_SUSPICIOUS_MOVE = YES;
				CLANG_WARN_UNGUARDED_AVAILABILITY = YES_AGGRESSIVE;
				CLANG_WARN_UNREACHABLE_CODE = YES;
				CLANG_WARN__DUPLICATE_METHOD_MATCH = YES;
				COPY_PHASE_STRIP = NO;
				DEBUG_INFORMATION_FORMAT = "dwarf-with-dsym";
				ENABLE_NS_ASSERTIONS = NO;
				ENABLE_STRICT_OBJC_MSGSEND = YES;
				GCC_C_LANGUAGE_STANDARD = gnu11;
				GCC_NO_COMMON_BLOCKS = YES;
				GCC_WARN_64_TO_32_BIT_CONVERSION = YES;
				GCC_WARN_ABOUT_RETURN_TYPE = YES_ERROR;
				GCC_WARN_UNDECLARED_SELECTOR = YES;
				GCC_WARN_UNINITIALIZED_AUTOS = YES_AGGRESSIVE;
				GCC_WARN_UNUSED_FUNCTION = YES;
				GCC_WARN_UNUSED_VARIABLE = YES;
				IPHONEOS_DEPLOYMENT_TARGET = 14.0;
				MTL_ENABLE_DEBUG_INFO = NO;
				MTL_FAST_MATH = YES;
				SDKROOT = iphoneos;
				SWIFT_COMPILATION_MODE = wholemodule;
				SWIFT_OPTIMIZATION_LEVEL = "-O";
				VALIDATE_PRODUCT = YES;
			};
			name = Release;
		};
		849DC02F24B4A681000CEF0D /* Debug */ = {
			isa = XCBuildConfiguration;
			buildSettings = {
				ASSETCATALOG_COMPILER_APPICON_NAME = AppIcon;
				ASSETCATALOG_COMPILER_GLOBAL_ACCENT_COLOR_NAME = AccentColor;
				CODE_SIGN_STYLE = Automatic;
				DEVELOPMENT_TEAM = CBSKMU7MH4;
				INFOPLIST_FILE = HSEIntroduction/Info.plist;
				LD_RUNPATH_SEARCH_PATHS = (
					"$(inherited)",
					"@executable_path/Frameworks",
				);
				PRODUCT_BUNDLE_IDENTIFIER = kostya.bunsberry.HSEIntroduction;
				PRODUCT_NAME = "$(TARGET_NAME)";
				SWIFT_VERSION = 5.0;
				TARGETED_DEVICE_FAMILY = "1,2";
			};
			name = Debug;
		};
		849DC03024B4A681000CEF0D /* Release */ = {
			isa = XCBuildConfiguration;
			buildSettings = {
				ASSETCATALOG_COMPILER_APPICON_NAME = AppIcon;
				ASSETCATALOG_COMPILER_GLOBAL_ACCENT_COLOR_NAME = AccentColor;
				CODE_SIGN_STYLE = Automatic;
				DEVELOPMENT_TEAM = CBSKMU7MH4;
				INFOPLIST_FILE = HSEIntroduction/Info.plist;
				LD_RUNPATH_SEARCH_PATHS = (
					"$(inherited)",
					"@executable_path/Frameworks",
				);
				PRODUCT_BUNDLE_IDENTIFIER = kostya.bunsberry.HSEIntroduction;
				PRODUCT_NAME = "$(TARGET_NAME)";
				SWIFT_VERSION = 5.0;
				TARGETED_DEVICE_FAMILY = "1,2";
			};
			name = Release;
		};
/* End XCBuildConfiguration section */

/* Begin XCConfigurationList section */
		849DC01524B4A67E000CEF0D /* Build configuration list for PBXProject "HSEIntroduction" */ = {
			isa = XCConfigurationList;
			buildConfigurations = (
				849DC02C24B4A681000CEF0D /* Debug */,
				849DC02D24B4A681000CEF0D /* Release */,
			);
			defaultConfigurationIsVisible = 0;
			defaultConfigurationName = Release;
		};
		849DC02E24B4A681000CEF0D /* Build configuration list for PBXNativeTarget "HSEIntroduction" */ = {
			isa = XCConfigurationList;
			buildConfigurations = (
				849DC02F24B4A681000CEF0D /* Debug */,
				849DC03024B4A681000CEF0D /* Release */,
			);
			defaultConfigurationIsVisible = 0;
			defaultConfigurationName = Release;
		};
/* End XCConfigurationList section */
	};
	rootObject = 849DC01224B4A67E000CEF0D /* Project object */;
}
